
Microsoft Visual Studio Solution File, Format Version 12.00
Project("{2150E333-8FDC-42A3-9474-1A3956D46DE8}") = "gRPC", "gRPC", "{6D50C3C6-0456-4664-8F2C-E568343799D3}"
EndProject
Project("{2150E333-8FDC-42A3-9474-1A3956D46DE8}") = "GraphQL", "GraphQL", "{0D257E9D-FD42-4D46-AF41-C6CF8DA74087}"
EndProject
Project("{2150E333-8FDC-42A3-9474-1A3956D46DE8}") = "REST", "REST", "{FA324930-12D0-4AB3-8209-5FE2B573A85F}"
EndProject
Project("{2150E333-8FDC-42A3-9474-1A3956D46DE8}") = "WebHook", "WebHook", "{6C74390E-1B17-41F7-826A-9A99E52B4661}"
EndProject
Project("{2150E333-8FDC-42A3-9474-1A3956D46DE8}") = "WebSocket", "WebSocket", "{21B9FC0E-7250-4193-9EC2-47F325221532}"
EndProject
Project("{2150E333-8FDC-42A3-9474-1A3956D46DE8}") = "SOAP", "SOAP", "{47C9B9C7-D91E-4224-B986-294186271725}"
EndProject
Project("{2150E333-8FDC-42A3-9474-1A3956D46DE8}") = "SignalR", "SignalR", "{793C5EAE-2F8C-4D41-882C-020F97A941C6}"
EndProject
Project("{2150E333-8FDC-42A3-9474-1A3956D46DE8}") = "by Docs", "by Docs", "{10B59E1F-033E-41FF-9C14-EDEE3574BB0E}"
EndProject
Project("{2150E333-8FDC-42A3-9474-1A3956D46DE8}") = "by Tim Corey", "by Tim Corey", "{0E4501E2-1D95-40FB-B5CD-79A04F6529DC}"
EndProject
Project("{FAE04EC0-301F-11D3-BF4B-00C04F79EFBC}") = "TimCorey.Grpc.Server", "TimCorey.Grpc.Server\TimCorey.Grpc.Server.csproj", "{7AC8B5C0-3897-4680-B413-A407327ECB54}"
EndProject
Project("{FAE04EC0-301F-11D3-BF4B-00C04F79EFBC}") = "TimCorey.Grpc.Client", "TimCorey.Grpc.Client\TimCorey.Grpc.Client.csproj", "{03323142-99A1-4E54-98C9-123ECD5CEB31}"
EndProject
Global
	GlobalSection(SolutionConfigurationPlatforms) = preSolution
		Debug|Any CPU = Debug|Any CPU
		Release|Any CPU = Release|Any CPU
	EndGlobalSection
	GlobalSection(NestedProjects) = preSolution
		{10B59E1F-033E-41FF-9C14-EDEE3574BB0E} = {6D50C3C6-0456-4664-8F2C-E568343799D3}
		{0E4501E2-1D95-40FB-B5CD-79A04F6529DC} = {6D50C3C6-0456-4664-8F2C-E568343799D3}
		{7AC8B5C0-3897-4680-B413-A407327ECB54} = {0E4501E2-1D95-40FB-B5CD-79A04F6529DC}
		{03323142-99A1-4E54-98C9-123ECD5CEB31} = {0E4501E2-1D95-40FB-B5CD-79A04F6529DC}
	EndGlobalSection
	GlobalSection(ProjectConfigurationPlatforms) = postSolution
		{7AC8B5C0-3897-4680-B413-A407327ECB54}.Debug|Any CPU.ActiveCfg = Debug|Any CPU
		{7AC8B5C0-3897-4680-B413-A407327ECB54}.Debug|Any CPU.Build.0 = Debug|Any CPU
		{7AC8B5C0-3897-4680-B413-A407327ECB54}.Release|Any CPU.ActiveCfg = Release|Any CPU
		{7AC8B5C0-3897-4680-B413-A407327ECB54}.Release|Any CPU.Build.0 = Release|Any CPU
		{03323142-99A1-4E54-98C9-123ECD5CEB31}.Debug|Any CPU.ActiveCfg = Debug|Any CPU
		{03323142-99A1-4E54-98C9-123ECD5CEB31}.Debug|Any CPU.Build.0 = Debug|Any CPU
		{03323142-99A1-4E54-98C9-123ECD5CEB31}.Release|Any CPU.ActiveCfg = Release|Any CPU
		{03323142-99A1-4E54-98C9-123ECD5CEB31}.Release|Any CPU.Build.0 = Release|Any CPU
	EndGlobalSection
EndGlobal
